
Microsoft Visual Studio Solution File, Format Version 12.00
# Visual Studio Version 16
VisualStudioVersion = 16.0.28803.352
MinimumVisualStudioVersion = 10.0.40219.1
Project("{FAE04EC0-301F-11D3-BF4B-00C04F79EFBC}") = "GYM", "GYM\GYM.csproj", "{894D663E-769F-4329-8AE4-BCA17C1A9D50}"
EndProject
Global
	GlobalSection(SolutionConfigurationPlatforms) = preSolution
		Debug|Any CPU = Debug|Any CPU
		Release|Any CPU = Release|Any CPU
	EndGlobalSection
	GlobalSection(ProjectConfigurationPlatforms) = postSolution
		{894D663E-769F-4329-8AE4-BCA17C1A9D50}.Debug|Any CPU.ActiveCfg = Debug|Any CPU
		{894D663E-769F-4329-8AE4-BCA17C1A9D50}.Debug|Any CPU.Build.0 = Debug|Any CPU
		{894D663E-769F-4329-8AE4-BCA17C1A9D50}.Release|Any CPU.ActiveCfg = Release|Any CPU
		{894D663E-769F-4329-8AE4-BCA17C1A9D50}.Release|Any CPU.Build.0 = Release|Any CPU
	EndGlobalSection
	GlobalSection(SolutionProperties) = preSolution
		HideSolutionNode = FALSE
	EndGlobalSection
	GlobalSection(ExtensibilityGlobals) = postSolution
		SolutionGuid = {B7055F99-2672-408E-A665-B31644997313}
	EndGlobalSection
EndGlobal
